
Microsoft Visual Studio Solution File, Format Version 12.00
# Visual Studio 15
VisualStudioVersion = 15.0.27428.2027
MinimumVisualStudioVersion = 10.0.40219.1
Project("{FAE04EC0-301F-11D3-BF4B-00C04F79EFBC}") = "Don'tSleep", "Don'tSleep\Don'tSleep.csproj", "{24DA9445-89BC-4306-A9A5-158D97632885}"
EndProject
Global
	GlobalSection(SolutionConfigurationPlatforms) = preSolution
		Debug|Any CPU = Debug|Any CPU
		Release|Any CPU = Release|Any CPU
	EndGlobalSection
	GlobalSection(ProjectConfigurationPlatforms) = postSolution
		{24DA9445-89BC-4306-A9A5-158D97632885}.Debug|Any CPU.ActiveCfg = Debug|Any CPU
		{24DA9445-89BC-4306-A9A5-158D97632885}.Debug|Any CPU.Build.0 = Debug|Any CPU
		{24DA9445-89BC-4306-A9A5-158D97632885}.Release|Any CPU.ActiveCfg = Release|Any CPU
		{24DA9445-89BC-4306-A9A5-158D97632885}.Release|Any CPU.Build.0 = Release|Any CPU
	EndGlobalSection
	GlobalSection(SolutionProperties) = preSolution
		HideSolutionNode = FALSE
	EndGlobalSection
	GlobalSection(ExtensibilityGlobals) = postSolution
		SolutionGuid = {F6C5540C-60AD-41CD-9DB9-7009F35B607C}
	EndGlobalSection
EndGlobal
